# @generated - this file is auto-generated by `mise lock` https://mise.jdx.dev/dev-tools/mise-lock.html

[[tools.cargo-binstall]]
version = "1.21.0"
backend = "aqua:cargo-bins/cargo-binstall"

[tools.cargo-binstall."platforms.linux-arm64"]
checksum = "sha256:31f0564854bd031f20c9abfe33312ea630e6a06a2f6d6309b54b5649608f55be"
url = "https://github.com/cargo-bins/cargo-binstall/releases/download/v1.21.0/cargo-binstall-aarch64-unknown-linux-musl.tgz"
url_api = "https://api.github.com/repos/cargo-bins/cargo-binstall/releases/assets/476613087"
provenance = "github-attestations"

[tools.cargo-binstall."platforms.linux-arm64-musl"]
checksum = "sha256:31f0564854bd031f20c9abfe33312ea630e6a06a2f6d6309b54b5649608f55be"
url = "https://github.com/cargo-bins/cargo-binstall/releases/download/v1.21.0/cargo-binstall-aarch64-unknown-linux-musl.tgz"
url_api = "https://api.github.com/repos/cargo-bins/cargo-binstall/releases/assets/476613087"
provenance = "github-attestations"

[tools.cargo-binstall."platforms.linux-x64"]
checksum = "sha256:b1880b3631d1ff0fd1f286a0d20f82f373355651f9fbd7f4d0d7fbfe218bf562"
url = "https://github.com/cargo-bins/cargo-binstall/releases/download/v1.21.0/cargo-binstall-x86_64-unknown-linux-musl.tgz"
url_api = "https://api.github.com/repos/cargo-bins/cargo-binstall/releases/assets/476612736"
provenance = "github-attestations"

[tools.cargo-binstall."platforms.linux-x64-musl"]
checksum = "sha256:b1880b3631d1ff0fd1f286a0d20f82f373355651f9fbd7f4d0d7fbfe218bf562"
url = "https://github.com/cargo-bins/cargo-binstall/releases/download/v1.21.0/cargo-binstall-x86_64-unknown-linux-musl.tgz"
url_api = "https://api.github.com/repos/cargo-bins/cargo-binstall/releases/assets/476612736"
provenance = "github-attestations"

[tools.cargo-binstall."platforms.macos-arm64"]
checksum = "sha256:e44737132b2d0543e72a6f128307ebbf204b171f57b2ea9db55b8bbe54b6b632"
url = "https://github.com/cargo-bins/cargo-binstall/releases/download/v1.21.0/cargo-binstall-aarch64-apple-darwin.zip"
url_api = "https://api.github.com/repos/cargo-bins/cargo-binstall/releases/assets/476613286"
provenance = "github-attestations"

[tools.cargo-binstall."platforms.macos-x64"]
checksum = "sha256:ad7cd72d8074ef613ab392cae291c7c8bcc25a4f6690e726ed665ded8640871e"
url = "https://github.com/cargo-bins/cargo-binstall/releases/download/v1.21.0/cargo-binstall-x86_64-apple-darwin.zip"
url_api = "https://api.github.com/repos/cargo-bins/cargo-binstall/releases/assets/476612855"
provenance = "github-attestations"

[tools.cargo-binstall."platforms.windows-x64"]
checksum = "sha256:f87cc2ca3a103664dab3eac521aa4e49ae72fa0b1e70fba837cd12932001629b"
url = "https://github.com/cargo-bins/cargo-binstall/releases/download/v1.21.0/cargo-binstall-x86_64-pc-windows-msvc.zip"
url_api = "https://api.github.com/repos/cargo-bins/cargo-binstall/releases/assets/476612813"
provenance = "github-attestations"

[[tools."cargo:cargo-nextest"]]
version = "0.9.140"
backend = "cargo:cargo-nextest"

[[tools.gh]]
version = "2.96.0"
backend = "aqua:cli/cli"

[tools.gh."platforms.linux-arm64"]
checksum = "sha256:06f86ec7103d41993b76cd78072f43595c34aaa56506d971d9860e67140bf909"
url = "https://github.com/cli/cli/releases/download/v2.96.0/gh_2.96.0_linux_arm64.tar.gz"
url_api = "https://api.github.com/repos/cli/cli/releases/assets/464728549"
provenance = "github-attestations"

[tools.gh."platforms.linux-arm64-musl"]
checksum = "sha256:06f86ec7103d41993b76cd78072f43595c34aaa56506d971d9860e67140bf909"
url = "https://github.com/cli/cli/releases/download/v2.96.0/gh_2.96.0_linux_arm64.tar.gz"
url_api = "https://api.github.com/repos/cli/cli/releases/assets/464728549"
provenance = "github-attestations"

[tools.gh."platforms.linux-x64"]
checksum = "sha256:83d5c2ccad5498f58bf6368acb1ab32588cf43ab3a4b1c301bf36328b1c8bd60"
url = "https://github.com/cli/cli/releases/download/v2.96.0/gh_2.96.0_linux_amd64.tar.gz"
url_api = "https://api.github.com/repos/cli/cli/releases/assets/464728543"
provenance = "github-attestations"

[tools.gh."platforms.linux-x64-musl"]
checksum = "sha256:83d5c2ccad5498f58bf6368acb1ab32588cf43ab3a4b1c301bf36328b1c8bd60"
url = "https://github.com/cli/cli/releases/download/v2.96.0/gh_2.96.0_linux_amd64.tar.gz"
url_api = "https://api.github.com/repos/cli/cli/releases/assets/464728543"
provenance = "github-attestations"

[tools.gh."platforms.macos-arm64"]
checksum = "sha256:f23a0c37d963aacc3bed703ccbd59b41c5ca22101fab7f00eb2b7cad23aba463"
url = "https://github.com/cli/cli/releases/download/v2.96.0/gh_2.96.0_macOS_arm64.zip"
url_api = "https://api.github.com/repos/cli/cli/releases/assets/464728562"
provenance = "github-attestations"

[tools.gh."platforms.macos-x64"]
checksum = "sha256:4bd449df9ad639391bc62b8032546f0fe9edcd8526e06682a4f88abd8c5d163c"
url = "https://github.com/cli/cli/releases/download/v2.96.0/gh_2.96.0_macOS_amd64.zip"
url_api = "https://api.github.com/repos/cli/cli/releases/assets/464728560"
provenance = "github-attestations"

[tools.gh."platforms.windows-x64"]
checksum = "sha256:c2d6acc935cd2f00e2144d7e036d5cd82e6b6bd5594e8c75aa75ef2a4ed6aac3"
url = "https://github.com/cli/cli/releases/download/v2.96.0/gh_2.96.0_windows_amd64.zip"
url_api = "https://api.github.com/repos/cli/cli/releases/assets/464728577"
provenance = "github-attestations"

[[tools.jaq]]
version = "3.1.0"
backend = "aqua:01mf02/jaq"

[tools.jaq."platforms.linux-arm64"]
checksum = "sha256:80fbbb82008d5f4dd3bb378740faf784445184429f2ba082e6b1fbf76360c251"
url = "https://github.com/01mf02/jaq/releases/download/v3.1.0/jaq-aarch64-unknown-linux-gnu"
url_api = "https://api.github.com/repos/01mf02/jaq/releases/assets/444870533"

[tools.jaq."platforms.linux-x64"]
checksum = "sha256:e860b9d74cdc5a55327415ba7b7897843dbfb74aa2d1ebfe15f27102848104ea"
url = "https://github.com/01mf02/jaq/releases/download/v3.1.0/jaq-x86_64-unknown-linux-musl"
url_api = "https://api.github.com/repos/01mf02/jaq/releases/assets/444869703"

[tools.jaq."platforms.linux-x64-musl"]
checksum = "sha256:e860b9d74cdc5a55327415ba7b7897843dbfb74aa2d1ebfe15f27102848104ea"
url = "https://github.com/01mf02/jaq/releases/download/v3.1.0/jaq-x86_64-unknown-linux-musl"
url_api = "https://api.github.com/repos/01mf02/jaq/releases/assets/444869703"

[tools.jaq."platforms.macos-arm64"]
checksum = "sha256:56dd7006a4d8d9d5a0b599fba844e94fc9c4013551a0c997cf93e0950dd3736d"
url = "https://github.com/01mf02/jaq/releases/download/v3.1.0/jaq-aarch64-apple-darwin"
url_api = "https://api.github.com/repos/01mf02/jaq/releases/assets/444870264"

[tools.jaq."platforms.macos-x64"]
checksum = "sha256:7ef31a6f506e23be8ffee1116a4764b8761628432928aea4db2e9b8a22c28999"
url = "https://github.com/01mf02/jaq/releases/download/v3.1.0/jaq-x86_64-apple-darwin"
url_api = "https://api.github.com/repos/01mf02/jaq/releases/assets/444870195"

[tools.jaq."platforms.windows-x64"]
checksum = "sha256:8f4acdbd567f5f4615d95c64b0409f6d73d1597a8b1d847efae50aeacde5a43a"
url = "https://github.com/01mf02/jaq/releases/download/v3.1.0/jaq-x86_64-pc-windows-msvc.exe"
url_api = "https://api.github.com/repos/01mf02/jaq/releases/assets/444870745"

[[tools.node]]
version = "24.18.0"
backend = "core:node"

[tools.node."platforms.linux-arm64"]
checksum = "sha256:6b4484c2190274175df9aa8f28e2d758a819cb1c1fe6ab481e2f95b463ab8508"
url = "https://nodejs.org/dist/v24.18.0/node-v24.18.0-linux-arm64.tar.gz"

[tools.node."platforms.linux-arm64-musl"]
checksum = "sha256:b1c6c2dc31b46dd8fb2322f4fe75b07e775c5120bc37251deeea28f529d4567b"
url = "https://unofficial-builds.nodejs.org/download/release/v24.18.0/node-v24.18.0-linux-arm64-musl.tar.gz"

[tools.node."platforms.linux-x64"]
checksum = "sha256:783130984963db7ba9cbd01089eaf2c2efb055c7c1693c943174b967b3050cb8"
url = "https://nodejs.org/dist/v24.18.0/node-v24.18.0-linux-x64.tar.gz"

[tools.node."platforms.linux-x64-musl"]
checksum = "sha256:ea58409911e141ec6b19d9178efa2d9185a13295005b1cbf5521b3157eed1d95"
url = "https://unofficial-builds.nodejs.org/download/release/v24.18.0/node-v24.18.0-linux-x64-musl.tar.gz"

[tools.node."platforms.macos-arm64"]
checksum = "sha256:e1a97e14c99c803e96c7339403282ea05a499c32f8d83defe9ef5ec66f979ed1"
url = "https://nodejs.org/dist/v24.18.0/node-v24.18.0-darwin-arm64.tar.gz"

[tools.node."platforms.macos-x64"]
checksum = "sha256:dfd0dbd3e721503434df7b7205e719f61b3a3a31b2bcf9729b8b91fea240f080"
url = "https://nodejs.org/dist/v24.18.0/node-v24.18.0-darwin-x64.tar.gz"

[tools.node."platforms.windows-x64"]
checksum = "sha256:0ae68406b42d7725661da979b1403ec9926da205c6770827f33aac9d8f26e821"
url = "https://nodejs.org/dist/v24.18.0/node-v24.18.0-win-x64.zip"

[[tools."npm:pnpm"]]
version = "11.17.0"
backend = "npm:pnpm"

[[tools.oxfmt]]
version = "0.61.0"
backend = "npm:oxfmt"

[[tools.python]]
version = "3.14.4"
backend = "core:python"

[tools.python."platforms.linux-arm64"]
checksum = "sha256:b8b597fdb2f8dccdc502c11947b60a4b65eb6bce79cfa60c7ccf9b6e8352c60a"
url = "https://github.com/astral-sh/python-build-standalone/releases/download/20260414/cpython-3.14.4+20260414-aarch64-unknown-linux-gnu-install_only_stripped.tar.gz"
provenance = "github-attestations"

[tools.python."platforms.linux-arm64-musl"]
checksum = "sha256:a10687b226e0941632569836bc1d8fa6353a8e3e8424316467ca9cdf220b983d"
url = "https://github.com/astral-sh/python-build-standalone/releases/download/20260414/cpython-3.14.4+20260414-aarch64-unknown-linux-musl-install_only_stripped.tar.gz"
provenance = "github-attestations"

[tools.python."platforms.linux-x64"]
checksum = "sha256:fe9a9c32d13870af632cbac3dfc7528ae53597e94472aa4c7d6a42e8166136cd"
url = "https://github.com/astral-sh/python-build-standalone/releases/download/20260414/cpython-3.14.4+20260414-x86_64-unknown-linux-gnu-install_only_stripped.tar.gz"
provenance = "github-attestations"

[tools.python."platforms.linux-x64-musl"]
checksum = "sha256:d6005226cd24e780630626232c7a63243d4885fdf975dcf930a0758a0759ce14"
url = "https://github.com/astral-sh/python-build-standalone/releases/download/20260414/cpython-3.14.4+20260414-x86_64-unknown-linux-musl-install_only_stripped.tar.gz"
provenance = "github-attestations"

[tools.python."platforms.macos-arm64"]
checksum = "sha256:6f304f4ec30854611f23316578302235fb517cd970519ecdd11a8c4db87fd843"
url = "https://github.com/astral-sh/python-build-standalone/releases/download/20260414/cpython-3.14.4+20260414-aarch64-apple-darwin-install_only_stripped.tar.gz"
provenance = "github-attestations"

[tools.python."platforms.macos-x64"]
checksum = "sha256:d51250a32fa5d9f0799c7bcb71720c27b10a3afd4a7de288120f96085d508a5a"
url = "https://github.com/astral-sh/python-build-standalone/releases/download/20260414/cpython-3.14.4+20260414-x86_64-apple-darwin-install_only_stripped.tar.gz"
provenance = "github-attestations"

[tools.python."platforms.windows-x64"]
checksum = "sha256:a976991dcd085c1bb5d9a8084823a6bc8b7f9b079d8c432574a6ddd68c3a6fe1"
url = "https://github.com/astral-sh/python-build-standalone/releases/download/20260414/cpython-3.14.4+20260414-x86_64-pc-windows-msvc-install_only_stripped.tar.gz"
provenance = "github-attestations"

[[tools.ruff]]
version = "0.15.22"
backend = "aqua:astral-sh/ruff"

[tools.ruff."platforms.linux-arm64"]
checksum = "sha256:88feb2dc2fafb92482185201f4d483134fbaab10370c79512d3dd372f1d3f28b"
url = "https://github.com/astral-sh/ruff/releases/download/0.15.22/ruff-aarch64-unknown-linux-musl.tar.gz"
url_api = "https://api.github.com/repos/astral-sh/ruff/releases/assets/479313917"
provenance = "github-attestations"

[tools.ruff."platforms.linux-arm64-musl"]
checksum = "sha256:88feb2dc2fafb92482185201f4d483134fbaab10370c79512d3dd372f1d3f28b"
url = "https://github.com/astral-sh/ruff/releases/download/0.15.22/ruff-aarch64-unknown-linux-musl.tar.gz"
url_api = "https://api.github.com/repos/astral-sh/ruff/releases/assets/479313917"
provenance = "github-attestations"

[tools.ruff."platforms.linux-x64"]
checksum = "sha256:853462df618fb9f156a9f04d9d899d9e5a9e1a43fbffaec72df4bb159348e71b"
url = "https://github.com/astral-sh/ruff/releases/download/0.15.22/ruff-x86_64-unknown-linux-musl.tar.gz"
url_api = "https://api.github.com/repos/astral-sh/ruff/releases/assets/479314045"
provenance = "github-attestations"

[tools.ruff."platforms.linux-x64-musl"]
checksum = "sha256:853462df618fb9f156a9f04d9d899d9e5a9e1a43fbffaec72df4bb159348e71b"
url = "https://github.com/astral-sh/ruff/releases/download/0.15.22/ruff-x86_64-unknown-linux-musl.tar.gz"
url_api = "https://api.github.com/repos/astral-sh/ruff/releases/assets/479314045"
provenance = "github-attestations"

[tools.ruff."platforms.macos-arm64"]
checksum = "sha256:a2881af26fd1d19f4932c4ddf1e70b4e0efcf48513c5dae082564e03f0b467a3"
url = "https://github.com/astral-sh/ruff/releases/download/0.15.22/ruff-aarch64-apple-darwin.tar.gz"
url_api = "https://api.github.com/repos/astral-sh/ruff/releases/assets/479313898"
provenance = "github-attestations"

[tools.ruff."platforms.macos-x64"]
checksum = "sha256:687a9ceb88ab85dab061026d5017218225a481121b1a40862cc8f92b56f18090"
url = "https://github.com/astral-sh/ruff/releases/download/0.15.22/ruff-x86_64-apple-darwin.tar.gz"
url_api = "https://api.github.com/repos/astral-sh/ruff/releases/assets/479314007"
provenance = "github-attestations"

[tools.ruff."platforms.windows-x64"]
checksum = "sha256:6e5419593984941405e9add902e89c6ea4af87d97919ac5ef82e1bc4e43bbd8d"
url = "https://github.com/astral-sh/ruff/releases/download/0.15.22/ruff-x86_64-pc-windows-msvc.zip"
url_api = "https://api.github.com/repos/astral-sh/ruff/releases/assets/479314019"
provenance = "github-attestations"

[[tools.rust]]
version = "1.98.0"
backend = "core:rust"

[tools.rust.options]
components = "clippy,rustfmt"
targets = "wasm32-unknown-unknown"

[[tools.sccache]]
version = "0.16.0"
backend = "aqua:mozilla/sccache"

[tools.sccache."platforms.linux-arm64"]
checksum = "sha256:f73a5c39f96bb6ebb89cc7915cf182260d4cbf30765322c5e793d0fe8bd80784"
url = "https://github.com/mozilla/sccache/releases/download/v0.16.0/sccache-v0.16.0-aarch64-unknown-linux-musl.tar.gz"
url_api = "https://api.github.com/repos/mozilla/sccache/releases/assets/452060468"

[tools.sccache."platforms.linux-arm64-musl"]
checksum = "sha256:f73a5c39f96bb6ebb89cc7915cf182260d4cbf30765322c5e793d0fe8bd80784"
url = "https://github.com/mozilla/sccache/releases/download/v0.16.0/sccache-v0.16.0-aarch64-unknown-linux-musl.tar.gz"
url_api = "https://api.github.com/repos/mozilla/sccache/releases/assets/452060468"

[tools.sccache."platforms.linux-x64"]
checksum = "sha256:aec995a83ad3dff3d14b6314e08858b7b73d35ca85a5bcf3d3a9ec07dee35588"
url = "https://github.com/mozilla/sccache/releases/download/v0.16.0/sccache-v0.16.0-x86_64-unknown-linux-musl.tar.gz"
url_api = "https://api.github.com/repos/mozilla/sccache/releases/assets/452060682"

[tools.sccache."platforms.linux-x64-musl"]
checksum = "sha256:aec995a83ad3dff3d14b6314e08858b7b73d35ca85a5bcf3d3a9ec07dee35588"
url = "https://github.com/mozilla/sccache/releases/download/v0.16.0/sccache-v0.16.0-x86_64-unknown-linux-musl.tar.gz"
url_api = "https://api.github.com/repos/mozilla/sccache/releases/assets/452060682"

[tools.sccache."platforms.macos-arm64"]
checksum = "sha256:ded590cae2c72042c61178632906bef62d635fa20d45f8b22110a2241f430960"
url = "https://github.com/mozilla/sccache/releases/download/v0.16.0/sccache-v0.16.0-aarch64-apple-darwin.tar.gz"
url_api = "https://api.github.com/repos/mozilla/sccache/releases/assets/452060416"

[tools.sccache."platforms.macos-x64"]
checksum = "sha256:f7dbd055db75a938ab1539f5316c5d08e73a1b94c40ab170ddcc617f5bf18343"
url = "https://github.com/mozilla/sccache/releases/download/v0.16.0/sccache-v0.16.0-x86_64-apple-darwin.tar.gz"
url_api = "https://api.github.com/repos/mozilla/sccache/releases/assets/452060604"

[tools.sccache."platforms.windows-x64"]
checksum = "sha256:c82319cc392b693e9fc72e6567cce47e218308f00fbf1df942e39b62e30f98da"
url = "https://github.com/mozilla/sccache/releases/download/v0.16.0/sccache-v0.16.0-x86_64-pc-windows-msvc.tar.gz"
url_api = "https://api.github.com/repos/mozilla/sccache/releases/assets/452060663"

[[tools.ty]]
version = "0.0.61"
backend = "aqua:astral-sh/ty"

[tools.ty."platforms.linux-arm64"]
checksum = "sha256:a273d6afabdf815251f6d5fc57821c9576c1f627654602b8986e990cf6f79fe0"
url = "https://github.com/astral-sh/ty/releases/download/0.0.61/ty-aarch64-unknown-linux-musl.tar.gz"
url_api = "https://api.github.com/repos/astral-sh/ty/releases/assets/481013990"
provenance = "github-attestations"

[tools.ty."platforms.linux-arm64-musl"]
checksum = "sha256:a273d6afabdf815251f6d5fc57821c9576c1f627654602b8986e990cf6f79fe0"
url = "https://github.com/astral-sh/ty/releases/download/0.0.61/ty-aarch64-unknown-linux-musl.tar.gz"
url_api = "https://api.github.com/repos/astral-sh/ty/releases/assets/481013990"
provenance = "github-attestations"

[tools.ty."platforms.linux-x64"]
checksum = "sha256:99fa3eb57e633256ed849cabb97fe6b2166a343bedadcf9f9c6c13479b220ac1"
url = "https://github.com/astral-sh/ty/releases/download/0.0.61/ty-x86_64-unknown-linux-musl.tar.gz"
url_api = "https://api.github.com/repos/astral-sh/ty/releases/assets/481014060"
provenance = "github-attestations"

[tools.ty."platforms.linux-x64-musl"]
checksum = "sha256:99fa3eb57e633256ed849cabb97fe6b2166a343bedadcf9f9c6c13479b220ac1"
url = "https://github.com/astral-sh/ty/releases/download/0.0.61/ty-x86_64-unknown-linux-musl.tar.gz"
url_api = "https://api.github.com/repos/astral-sh/ty/releases/assets/481014060"
provenance = "github-attestations"

[tools.ty."platforms.macos-arm64"]
checksum = "sha256:3b80f713c76584ae0fb386236752ca130507b381581fd03f874c0077c219b8e9"
url = "https://github.com/astral-sh/ty/releases/download/0.0.61/ty-aarch64-apple-darwin.tar.gz"
url_api = "https://api.github.com/repos/astral-sh/ty/releases/assets/481013968"
provenance = "github-attestations"

[tools.ty."platforms.macos-x64"]
checksum = "sha256:acce284df5716a9843e0c39ebf5b8a3440dc44aea76bee476c84e18a90f78ec5"
url = "https://github.com/astral-sh/ty/releases/download/0.0.61/ty-x86_64-apple-darwin.tar.gz"
url_api = "https://api.github.com/repos/astral-sh/ty/releases/assets/481014042"
provenance = "github-attestations"

[tools.ty."platforms.windows-x64"]
checksum = "sha256:07b95c84b1c4c49a359d3c921e58b179f83894abbc891ed402eda6e9135f5ddf"
url = "https://github.com/astral-sh/ty/releases/download/0.0.61/ty-x86_64-pc-windows-msvc.zip"
url_api = "https://api.github.com/repos/astral-sh/ty/releases/assets/481014044"
provenance = "github-attestations"

[[tools.uv]]
version = "0.11.29"
backend = "aqua:astral-sh/uv"

[tools.uv."platforms.linux-arm64"]
checksum = "sha256:593d79a797ece3f1dfaaf3e0a973263422a135d9262c7dbc6cd75d9c11acc0b4"
url = "https://github.com/astral-sh/uv/releases/download/0.11.29/uv-aarch64-unknown-linux-musl.tar.gz"
url_api = "https://api.github.com/repos/astral-sh/uv/releases/assets/478261262"
provenance = "github-attestations"

[tools.uv."platforms.linux-arm64-musl"]
checksum = "sha256:593d79a797ece3f1dfaaf3e0a973263422a135d9262c7dbc6cd75d9c11acc0b4"
url = "https://github.com/astral-sh/uv/releases/download/0.11.29/uv-aarch64-unknown-linux-musl.tar.gz"
url_api = "https://api.github.com/repos/astral-sh/uv/releases/assets/478261262"
provenance = "github-attestations"

[tools.uv."platforms.linux-x64"]
checksum = "sha256:46711858adb2a3acaa9cee00f9060688ad1fd5706aecc005b96a6a7f285a00b7"
url = "https://github.com/astral-sh/uv/releases/download/0.11.29/uv-x86_64-unknown-linux-musl.tar.gz"
url_api = "https://api.github.com/repos/astral-sh/uv/releases/assets/478261352"
provenance = "github-attestations"

[tools.uv."platforms.linux-x64-musl"]
checksum = "sha256:46711858adb2a3acaa9cee00f9060688ad1fd5706aecc005b96a6a7f285a00b7"
url = "https://github.com/astral-sh/uv/releases/download/0.11.29/uv-x86_64-unknown-linux-musl.tar.gz"
url_api = "https://api.github.com/repos/astral-sh/uv/releases/assets/478261352"
provenance = "github-attestations"

[tools.uv."platforms.macos-arm64"]
checksum = "sha256:61c04acc52a33ef0f331e494bdfbedcdb6c26c6970c022ed3699e5860f8930e3"
url = "https://github.com/astral-sh/uv/releases/download/0.11.29/uv-aarch64-apple-darwin.tar.gz"
url_api = "https://api.github.com/repos/astral-sh/uv/releases/assets/478261245"
provenance = "github-attestations"

[tools.uv."platforms.macos-x64"]
checksum = "sha256:c4c4de482da9ccdd076dc4fb5cfe7b740609029385c72f58606be3153602387d"
url = "https://github.com/astral-sh/uv/releases/download/0.11.29/uv-x86_64-apple-darwin.tar.gz"
url_api = "https://api.github.com/repos/astral-sh/uv/releases/assets/478261331"
provenance = "github-attestations"

[tools.uv."platforms.windows-x64"]
checksum = "sha256:a047d55651bc3e0ca24595b25ec4cfcb10f9dca9fb56514e661269b37d4fae68"
url = "https://github.com/astral-sh/uv/releases/download/0.11.29/uv-x86_64-pc-windows-msvc.zip"
url_api = "https://api.github.com/repos/astral-sh/uv/releases/assets/478261333"
provenance = "github-attestations"
