# @generated - this file is auto-generated by `mise lock` https://mise.jdx.dev/dev-tools/mise-lock.html

[[tools."cargo:bacon"]]
version = "3.24.0"
backend = "cargo:bacon"

[[tools."cargo:cargo-insta"]]
version = "1.48.0"
backend = "cargo:cargo-insta"

[[tools.fnox]]
version = "1.31.0"
backend = "github:jdx/fnox"

[tools.fnox."platforms.linux-arm64"]
checksum = "sha256:627f93c5fac35c08f613415e25904ed6775c50e19bc8e9c6d61fe5d02014635d"
url = "https://github.com/jdx/fnox/releases/download/v1.31.0/fnox-aarch64-unknown-linux-gnu.tar.gz"
url_api = "https://api.github.com/repos/jdx/fnox/releases/assets/480276465"
provenance = "github-attestations"

[tools.fnox."platforms.linux-arm64-musl"]
checksum = "sha256:779d2cb7bcefa81d57e269bfd5ffdf39ca961d526b06cfb35b7aa670b35c1c6a"
url = "https://github.com/jdx/fnox/releases/download/v1.31.0/fnox-aarch64-unknown-linux-musl.tar.gz"
url_api = "https://api.github.com/repos/jdx/fnox/releases/assets/480276463"
provenance = "github-attestations"

[tools.fnox."platforms.linux-x64"]
checksum = "sha256:5cfc8f5746e44188418174fd8338ffcbf22531626a439d166ec81b20203ea520"
url = "https://github.com/jdx/fnox/releases/download/v1.31.0/fnox-x86_64-unknown-linux-gnu.tar.gz"
url_api = "https://api.github.com/repos/jdx/fnox/releases/assets/480276475"
provenance = "github-attestations"

[tools.fnox."platforms.linux-x64-musl"]
checksum = "sha256:d226e10cb1698c2ad05a20ee96269460d9b1ba7b4cc29f0691e9b5a0a78d7aee"
url = "https://github.com/jdx/fnox/releases/download/v1.31.0/fnox-x86_64-unknown-linux-musl.tar.gz"
url_api = "https://api.github.com/repos/jdx/fnox/releases/assets/480276476"
provenance = "github-attestations"

[tools.fnox."platforms.macos-arm64"]
checksum = "sha256:a4f7b576ce0a4ba5d3075db59dc0c2f0749f6fa6d8a08f2b546588d3bf96b44c"
url = "https://github.com/jdx/fnox/releases/download/v1.31.0/fnox-aarch64-apple-darwin.tar.gz"
url_api = "https://api.github.com/repos/jdx/fnox/releases/assets/480276462"
provenance = "github-attestations"

[tools.fnox."platforms.macos-x64"]
checksum = "sha256:4351a40b6f0649ab4b6a5d1b870d60d2b2d684b66b91bb78ecac0f4b278d6cbe"
url = "https://github.com/jdx/fnox/releases/download/v1.31.0/fnox-x86_64-apple-darwin.tar.gz"
url_api = "https://api.github.com/repos/jdx/fnox/releases/assets/480276464"
provenance = "github-attestations"

[tools.fnox."platforms.windows-x64"]
checksum = "sha256:eaeb77b5411f078900600b353b3291492eb92888af03be332315c4aa4c46baf6"
url = "https://github.com/jdx/fnox/releases/download/v1.31.0/fnox-x86_64-pc-windows-msvc.zip"
url_api = "https://api.github.com/repos/jdx/fnox/releases/assets/480276474"
provenance = "github-attestations"

[[tools.sccache]]
version = "0.16.0"
backend = "aqua:mozilla/sccache"

[tools.sccache."platforms.linux-arm64"]
checksum = "sha256:f73a5c39f96bb6ebb89cc7915cf182260d4cbf30765322c5e793d0fe8bd80784"
url = "https://github.com/mozilla/sccache/releases/download/v0.16.0/sccache-v0.16.0-aarch64-unknown-linux-musl.tar.gz"
url_api = "https://api.github.com/repos/mozilla/sccache/releases/assets/452060468"

[tools.sccache."platforms.linux-arm64-musl"]
checksum = "sha256:f73a5c39f96bb6ebb89cc7915cf182260d4cbf30765322c5e793d0fe8bd80784"
url = "https://github.com/mozilla/sccache/releases/download/v0.16.0/sccache-v0.16.0-aarch64-unknown-linux-musl.tar.gz"
url_api = "https://api.github.com/repos/mozilla/sccache/releases/assets/452060468"

[tools.sccache."platforms.linux-x64"]
checksum = "sha256:aec995a83ad3dff3d14b6314e08858b7b73d35ca85a5bcf3d3a9ec07dee35588"
url = "https://github.com/mozilla/sccache/releases/download/v0.16.0/sccache-v0.16.0-x86_64-unknown-linux-musl.tar.gz"
url_api = "https://api.github.com/repos/mozilla/sccache/releases/assets/452060682"

[tools.sccache."platforms.linux-x64-musl"]
checksum = "sha256:aec995a83ad3dff3d14b6314e08858b7b73d35ca85a5bcf3d3a9ec07dee35588"
url = "https://github.com/mozilla/sccache/releases/download/v0.16.0/sccache-v0.16.0-x86_64-unknown-linux-musl.tar.gz"
url_api = "https://api.github.com/repos/mozilla/sccache/releases/assets/452060682"

[tools.sccache."platforms.macos-arm64"]
checksum = "sha256:ded590cae2c72042c61178632906bef62d635fa20d45f8b22110a2241f430960"
url = "https://github.com/mozilla/sccache/releases/download/v0.16.0/sccache-v0.16.0-aarch64-apple-darwin.tar.gz"
url_api = "https://api.github.com/repos/mozilla/sccache/releases/assets/452060416"

[tools.sccache."platforms.macos-x64"]
checksum = "sha256:f7dbd055db75a938ab1539f5316c5d08e73a1b94c40ab170ddcc617f5bf18343"
url = "https://github.com/mozilla/sccache/releases/download/v0.16.0/sccache-v0.16.0-x86_64-apple-darwin.tar.gz"
url_api = "https://api.github.com/repos/mozilla/sccache/releases/assets/452060604"

[tools.sccache."platforms.windows-x64"]
checksum = "sha256:c82319cc392b693e9fc72e6567cce47e218308f00fbf1df942e39b62e30f98da"
url = "https://github.com/mozilla/sccache/releases/download/v0.16.0/sccache-v0.16.0-x86_64-pc-windows-msvc.tar.gz"
url_api = "https://api.github.com/repos/mozilla/sccache/releases/assets/452060663"

[[tools.shfmt]]
version = "3.13.1"
backend = "aqua:mvdan/sh"

[tools.shfmt."platforms.linux-arm64"]
checksum = "sha256:32d92acaa5cd8abb29fc49dac123dc412442d5713967819d8af2c29f1b3857c7"
url = "https://github.com/mvdan/sh/releases/download/v3.13.1/shfmt_v3.13.1_linux_arm64"
url_api = "https://api.github.com/repos/mvdan/sh/releases/assets/390322859"

[tools.shfmt."platforms.linux-arm64-musl"]
checksum = "sha256:32d92acaa5cd8abb29fc49dac123dc412442d5713967819d8af2c29f1b3857c7"
url = "https://github.com/mvdan/sh/releases/download/v3.13.1/shfmt_v3.13.1_linux_arm64"
url_api = "https://api.github.com/repos/mvdan/sh/releases/assets/390322859"

[tools.shfmt."platforms.linux-x64"]
checksum = "sha256:fb096c5d1ac6beabbdbaa2874d025badb03ee07929f0c9ff67563ce8c75398b1"
url = "https://github.com/mvdan/sh/releases/download/v3.13.1/shfmt_v3.13.1_linux_amd64"
url_api = "https://api.github.com/repos/mvdan/sh/releases/assets/390322866"

[tools.shfmt."platforms.linux-x64-musl"]
checksum = "sha256:fb096c5d1ac6beabbdbaa2874d025badb03ee07929f0c9ff67563ce8c75398b1"
url = "https://github.com/mvdan/sh/releases/download/v3.13.1/shfmt_v3.13.1_linux_amd64"
url_api = "https://api.github.com/repos/mvdan/sh/releases/assets/390322866"

[tools.shfmt."platforms.macos-arm64"]
checksum = "sha256:9680526be4a66ea1ffe988ed08af58e1400fe1e4f4aef5bd88b20bb9b3da33f8"
url = "https://github.com/mvdan/sh/releases/download/v3.13.1/shfmt_v3.13.1_darwin_arm64"
url_api = "https://api.github.com/repos/mvdan/sh/releases/assets/390322881"

[tools.shfmt."platforms.macos-x64"]
checksum = "sha256:6feedafc72915794163114f512348e2437d080d0047ef8b8fa2ec63b575f12af"
url = "https://github.com/mvdan/sh/releases/download/v3.13.1/shfmt_v3.13.1_darwin_amd64"
url_api = "https://api.github.com/repos/mvdan/sh/releases/assets/390322886"

[tools.shfmt."platforms.windows-x64"]
checksum = "sha256:60cd368533d0ad73fa86d93d5bbf95ef40587245ce684ed138c1b31557b5fe97"
url = "https://github.com/mvdan/sh/releases/download/v3.13.1/shfmt_v3.13.1_windows_amd64.exe"
url_api = "https://api.github.com/repos/mvdan/sh/releases/assets/390322844"

[[tools.watchexec]]
version = "2.5.1"
backend = "aqua:watchexec/watchexec"

[tools.watchexec."platforms.linux-arm64"]
checksum = "sha256:c073887583d502fa0b393a8b847bb4460a111b3b0a199d1f70dafd5d89e71a2f"
url = "https://github.com/watchexec/watchexec/releases/download/v2.5.1/watchexec-2.5.1-aarch64-unknown-linux-musl.tar.xz"
url_api = "https://api.github.com/repos/watchexec/watchexec/releases/assets/384489962"

[tools.watchexec."platforms.linux-arm64-musl"]
checksum = "sha256:c073887583d502fa0b393a8b847bb4460a111b3b0a199d1f70dafd5d89e71a2f"
url = "https://github.com/watchexec/watchexec/releases/download/v2.5.1/watchexec-2.5.1-aarch64-unknown-linux-musl.tar.xz"
url_api = "https://api.github.com/repos/watchexec/watchexec/releases/assets/384489962"

[tools.watchexec."platforms.linux-x64"]
checksum = "sha256:9efabd08de720c1ee7e57b487fe11904f0966828e76146e2b5ea5deee90626be"
url = "https://github.com/watchexec/watchexec/releases/download/v2.5.1/watchexec-2.5.1-x86_64-unknown-linux-musl.tar.xz"
url_api = "https://api.github.com/repos/watchexec/watchexec/releases/assets/384489936"

[tools.watchexec."platforms.linux-x64-musl"]
checksum = "sha256:9efabd08de720c1ee7e57b487fe11904f0966828e76146e2b5ea5deee90626be"
url = "https://github.com/watchexec/watchexec/releases/download/v2.5.1/watchexec-2.5.1-x86_64-unknown-linux-musl.tar.xz"
url_api = "https://api.github.com/repos/watchexec/watchexec/releases/assets/384489936"

[tools.watchexec."platforms.macos-arm64"]
checksum = "sha256:c5e405dd1109940b2510398d2182990c1be59063b94e11d7ace9c7b435cb1df1"
url = "https://github.com/watchexec/watchexec/releases/download/v2.5.1/watchexec-2.5.1-aarch64-apple-darwin.tar.xz"
url_api = "https://api.github.com/repos/watchexec/watchexec/releases/assets/384489930"

[tools.watchexec."platforms.macos-x64"]
checksum = "sha256:bb74bf33286ff7f31dd8e763e017fbc0418360d88baefd35bc57d662d28394e2"
url = "https://github.com/watchexec/watchexec/releases/download/v2.5.1/watchexec-2.5.1-x86_64-apple-darwin.tar.xz"
url_api = "https://api.github.com/repos/watchexec/watchexec/releases/assets/384489931"

[tools.watchexec."platforms.windows-x64"]
checksum = "sha256:aa448c2704ca1a37ce0f1fc75381d9a411946dd293cf6236293f549426a577f7"
url = "https://github.com/watchexec/watchexec/releases/download/v2.5.1/watchexec-2.5.1-x86_64-pc-windows-msvc.zip"
url_api = "https://api.github.com/repos/watchexec/watchexec/releases/assets/384489949"
