{
  "name": "genotype-client",
  "version": "0.6.0",
  "lockfileVersion": 3,
  "requires": true,
  "packages": {
    "": {
      "name": "genotype-client",
      "version": "0.6.0",
      "license": "MIT",
      "dependencies": {
        "vscode-languageclient": "^9.0.1"
      },
      "devDependencies": {
        "@types/vscode": "^1.96.0"
      },
      "engines": {
        "vscode": "^1.90.0"
      }
    },
    "../../node_modules/.pnpm/@types+vscode@1.96.0/node_modules/@types/vscode": {
      "version": "1.96.0",
      "dev": true,
      "license": "MIT"
    },
    "../../node_modules/.pnpm/vscode-languageclient@9.0.1/node_modules/vscode-languageclient": {
      "version": "9.0.1",
      "license": "MIT",
      "dependencies": {
        "minimatch": "^5.1.0",
        "semver": "^7.3.7",
        "vscode-languageserver-protocol": "3.17.5"
      },
      "devDependencies": {
        "@types/minimatch": "^3.0.5",
        "@types/semver": "^7.3.10",
        "@types/vscode": "1.82.0",
        "shx": "^0.3.4"
      },
      "engines": {
        "vscode": "^1.82.0"
      }
    },
    "node_modules/@types/vscode": {
      "resolved": "../../node_modules/.pnpm/@types+vscode@1.96.0/node_modules/@types/vscode",
      "link": true
    },
    "node_modules/vscode-languageclient": {
      "resolved": "../../node_modules/.pnpm/vscode-languageclient@9.0.1/node_modules/vscode-languageclient",
      "link": true
    }
  }
}
